Microsoft Visual Studio Solution File, Format Version 12.00
# Visual Studio Version 17
VisualStudioVersion = 17.5.2.0
MinimumVisualStudioVersion = 10.0.40219.1
Project("{FAE04EC0-301F-11D3-BF4B-00C04F79EFBC}") = "BIMxuong2", "BIMxuong2.csproj", "{2E71A97F-ACD5-2684-5602-59188E891543}"
EndProject
Global
	GlobalSection(SolutionConfigurationPlatforms) = preSolution
		Debug|Any CPU = Debug|Any CPU
		Release|Any CPU = Release|Any CPU
	EndGlobalSection
	GlobalSection(ProjectConfigurationPlatforms) = postSolution
		{2E71A97F-ACD5-2684-5602-59188E891543}.Debug|Any CPU.ActiveCfg = Debug|Any CPU
		{2E71A97F-ACD5-2684-5602-59188E891543}.Debug|Any CPU.Build.0 = Debug|Any CPU
		{2E71A97F-ACD5-2684-5602-59188E891543}.Release|Any CPU.ActiveCfg = Release|Any CPU
		{2E71A97F-ACD5-2684-5602-59188E891543}.Release|Any CPU.Build.0 = Release|Any CPU
	EndGlobalSection
	GlobalSection(SolutionProperties) = preSolution
		HideSolutionNode = FALSE
	EndGlobalSection
	GlobalSection(ExtensibilityGlobals) = postSolution
		SolutionGuid = {F0F20A23-7020-4322-8315-987D9AE5AF60}
	EndGlobalSection
EndGlobal
